// !$*UTF8*$!
{
	archiveVersion = 1;
	classes = {
	};
	objectVersion = 55;
	objects = {

/* Begin PBXBuildFile section */
		013130D628B54FF600A1C504 /* AppDelegate.swift in Sources */ = {isa = PBXBuildFile; fileRef = 013130D528B54FF600A1C504 /* AppDelegate.swift */; };
		013130D828B54FF600A1C504 /* SceneDelegate.swift in Sources */ = {isa = PBXBuildFile; fileRef = 013130D728B54FF600A1C504 /* SceneDelegate.swift */; };
		013130DA28B54FF600A1C504 /* FavoriteSongViewController.swift in Sources */ = {isa = PBXBuildFile; fileRef = 013130D928B54FF600A1C504 /* FavoriteSongViewController.swift */; };
		013130DD28B54FF600A1C504 /* Main.storyboard in Resources */ = {isa = PBXBuildFile; fileRef = 013130DB28B54FF600A1C504 /* Main.storyboard */; };
		013130DF28B54FF800A1C504 /* Assets.xcassets in Resources */ = {isa = PBXBuildFile; fileRef = 013130DE28B54FF800A1C504 /* Assets.xcassets */; };
		013130E228B54FF800A1C504 /* LaunchScreen.storyboard in Resources */ = {isa = PBXBuildFile; fileRef = 013130E028B54FF800A1C504 /* LaunchScreen.storyboard */; };
		013130ED28B54FF900A1C504 /* UITableViewExampleTests.swift in Sources */ = {isa = PBXBuildFile; fileRef = 013130EC28B54FF900A1C504 /* UITableViewExampleTests.swift */; };
		013130F728B54FF900A1C504 /* UITableViewExampleUITests.swift in Sources */ = {isa = PBXBuildFile; fileRef = 013130F628B54FF900A1C504 /* UITableViewExampleUITests.swift */; };
		013130F928B54FF900A1C504 /* UITableViewExampleUITestsLaunchTests.swift in Sources */ = {isa = PBXBuildFile; fileRef = 013130F828B54FF900A1C504 /* UITableViewExampleUITestsLaunchTests.swift */; };
		018E545B28B5553A00E6338E /* Song.swift in Sources */ = {isa = PBXBuildFile; fileRef = 018E545A28B5553A00E6338E /* Song.swift */; };
		018E545D28B5555A00E6338E /* SongMock.swift in Sources */ = {isa = PBXBuildFile; fileRef = 018E545C28B5555A00E6338E /* SongMock.swift */; };
		018E545F28B555B000E6338E /* FavoriteSongsViewModel.swift in Sources */ = {isa = PBXBuildFile; fileRef = 018E545E28B555B000E6338E /* FavoriteSongsViewModel.swift */; };
		018E546228B5567F00E6338E /* SongTableViewCell.swift in Sources */ = {isa = PBXBuildFile; fileRef = 018E546028B5567F00E6338E /* SongTableViewCell.swift */; };
		018E546328B5567F00E6338E /* SongTableViewCell.xib in Resources */ = {isa = PBXBuildFile; fileRef = 018E546128B5567F00E6338E /* SongTableViewCell.xib */; };
/* End PBXBuildFile section */

/* Begin PBXContainerItemProxy section */
		013130E928B54FF900A1C504 /* PBXContainerItemProxy */ = {
			isa = PBXContainerItemProxy;
			containerPortal = 013130CA28B54FF600A1C504 /* Project object */;
			proxyType = 1;
			remoteGlobalIDString = 013130D128B54FF600A1C504;
			remoteInfo = UITableViewExample;
		};
		013130F328B54FF900A1C504 /* PBXContainerItemProxy */ = {
			isa = PBXContainerItemProxy;
			containerPortal = 013130CA28B54FF600A1C504 /* Project object */;
			proxyType = 1;
			remoteGlobalIDString = 013130D128B54FF600A1C504;
			remoteInfo = UITableViewExample;
		};
/* End PBXContainerItemProxy section */

/* Begin PBXFileReference section */
		013130D228B54FF600A1C504 /* UITableViewExample.app */ = {isa = PBXFileReference; explicitFileType = wrapper.application; includeInIndex = 0; path = UITableViewExample.app; sourceTree = BUILT_PRODUCTS_DIR; };
		013130D528B54FF600A1C504 /* AppDelegate.swift */ = {isa = PBXFileReference; lastKnownFileType = sourcecode.swift; path = AppDelegate.swift; sourceTree = "<group>"; };
		013130D728B54FF600A1C504 /* SceneDelegate.swift */ = {isa = PBXFileReference; lastKnownFileType = sourcecode.swift; path = SceneDelegate.swift; sourceTree = "<group>"; };
		013130D928B54FF600A1C504 /* FavoriteSongViewController.swift */ = {isa = PBXFileReference; lastKnownFileType = sourcecode.swift; path = FavoriteSongViewController.swift; sourceTree = "<group>"; };
		013130DC28B54FF600A1C504 /* Base */ = {isa = PBXFileReference; lastKnownFileType = file.storyboard; name = Base; path = Base.lproj/Main.storyboard; sourceTree = "<group>"; };
		013130DE28B54FF800A1C504 /* Assets.xcassets */ = {isa = PBXFileReference; lastKnownFileType = folder.assetcatalog; path = Assets.xcassets; sourceTree = "<group>"; };
		013130E128B54FF800A1C504 /* Base */ = {isa = PBXFileReference; lastKnownFileType = file.storyboard; name = Base; path = Base.lproj/LaunchScreen.storyboard; sourceTree = "<group>"; };
		013130E328B54FF800A1C504 /* Info.plist */ = {isa = PBXFileReference; lastKnownFileType = text.plist.xml; path = Info.plist; sourceTree = "<group>"; };
		013130E828B54FF900A1C504 /* UITableViewExampleTests.xctest */ = {isa = PBXFileReference; explicitFileType = wrapper.cfbundle; includeInIndex = 0; path = UITableViewExampleTests.xctest; sourceTree = BUILT_PRODUCTS_DIR; };
		013130EC28B54FF900A1C504 /* UITableViewExampleTests.swift */ = {isa = PBXFileReference; lastKnownFileType = sourcecode.swift; path = UITableViewExampleTests.swift; sourceTree = "<group>"; };
		013130F228B54FF900A1C504 /* UITableViewExampleUITests.xctest */ = {isa = PBXFileReference; explicitFileType = wrapper.cfbundle; includeInIndex = 0; path = UITableViewExampleUITests.xctest; sourceTree = BUILT_PRODUCTS_DIR; };
		013130F628B54FF900A1C504 /* UITableViewExampleUITests.swift */ = {isa = PBXFileReference; lastKnownFileType = sourcecode.swift; path = UITableViewExampleUITests.swift; sourceTree = "<group>"; };
		013130F828B54FF900A1C504 /* UITableViewExampleUITestsLaunchTests.swift */ = {isa = PBXFileReference; lastKnownFileType = sourcecode.swift; path = UITableViewExampleUITestsLaunchTests.swift; sourceTree = "<group>"; };
		018E545A28B5553A00E6338E /* Song.swift */ = {isa = PBXFileReference; lastKnownFileType = sourcecode.swift; path = Song.swift; sourceTree = "<group>"; };
		018E545C28B5555A00E6338E /* SongMock.swift */ = {isa = PBXFileReference; lastKnownFileType = sourcecode.swift; path = SongMock.swift; sourceTree = "<group>"; };
		018E545E28B555B000E6338E /* FavoriteSongsViewModel.swift */ = {isa = PBXFileReference; lastKnownFileType = sourcecode.swift; path = FavoriteSongsViewModel.swift; sourceTree = "<group>"; };
		018E546028B5567F00E6338E /* SongTableViewCell.swift */ = {isa = PBXFileReference; lastKnownFileType = sourcecode.swift; path = SongTableViewCell.swift; sourceTree = "<group>"; };
		018E546128B5567F00E6338E /* SongTableViewCell.xib */ = {isa = PBXFileReference; lastKnownFileType = file.xib; path = SongTableViewCell.xib; sourceTree = "<group>"; };
/* End PBXFileReference section */

/* Begin PBXFrameworksBuildPhase section */
		013130CF28B54FF600A1C504 /* Frameworks */ = {
			isa = PBXFrameworksBuildPhase;
			buildActionMask = 2147483647;
			files = (
			);
			runOnlyForDeploymentPostprocessing = 0;
		};
		013130E528B54FF900A1C504 /* Frameworks */ = {
			isa = PBXFrameworksBuildPhase;
			buildActionMask = 2147483647;
			files = (
			);
			runOnlyForDeploymentPostprocessing = 0;
		};
		013130EF28B54FF900A1C504 /* Frameworks */ = {
			isa = PBXFrameworksBuildPhase;
			buildActionMask = 2147483647;
			files = (
			);
			runOnlyForDeploymentPostprocessing = 0;
		};
/* End PBXFrameworksBuildPhase section */

/* Begin PBXGroup section */
		013130C928B54FF600A1C504 = {
			isa = PBXGroup;
			children = (
				013130D428B54FF600A1C504 /* UITableViewExample */,
				013130EB28B54FF900A1C504 /* UITableViewExampleTests */,
				013130F528B54FF900A1C504 /* UITableViewExampleUITests */,
				013130D328B54FF600A1C504 /* Products */,
			);
			sourceTree = "<group>";
		};
		013130D328B54FF600A1C504 /* Products */ = {
			isa = PBXGroup;
			children = (
				013130D228B54FF600A1C504 /* UITableViewExample.app */,
				013130E828B54FF900A1C504 /* UITableViewExampleTests.xctest */,
				013130F228B54FF900A1C504 /* UITableViewExampleUITests.xctest */,
			);
			name = Products;
			sourceTree = "<group>";
		};
		013130D428B54FF600A1C504 /* UITableViewExample */ = {
			isa = PBXGroup;
			children = (
				013130D528B54FF600A1C504 /* AppDelegate.swift */,
				013130D728B54FF600A1C504 /* SceneDelegate.swift */,
				013130D928B54FF600A1C504 /* FavoriteSongViewController.swift */,
				013130DB28B54FF600A1C504 /* Main.storyboard */,
				013130DE28B54FF800A1C504 /* Assets.xcassets */,
				013130E028B54FF800A1C504 /* LaunchScreen.storyboard */,
				013130E328B54FF800A1C504 /* Info.plist */,
				018E546728B59CD900E6338E /* Models */,
				018E546628B59CD000E6338E /* Mock */,
				018E546528B59CCA00E6338E /* ViewModels */,
				018E546428B59CC500E6338E /* Views */,
			);
			path = UITableViewExample;
			sourceTree = "<group>";
		};
		013130EB28B54FF900A1C504 /* UITableViewExampleTests */ = {
			isa = PBXGroup;
			children = (
				013130EC28B54FF900A1C504 /* UITableViewExampleTests.swift */,
			);
			path = UITableViewExampleTests;
			sourceTree = "<group>";
		};
		013130F528B54FF900A1C504 /* UITableViewExampleUITests */ = {
			isa = PBXGroup;
			children = (
				013130F628B54FF900A1C504 /* UITableViewExampleUITests.swift */,
				013130F828B54FF900A1C504 /* UITableViewExampleUITestsLaunchTests.swift */,
			);
			path = UITableViewExampleUITests;
			sourceTree = "<group>";
		};
		018E546428B59CC500E6338E /* Views */ = {
			isa = PBXGroup;
			children = (
				018E546028B5567F00E6338E /* SongTableViewCell.swift */,
				018E546128B5567F00E6338E /* SongTableViewCell.xib */,
			);
			path = Views;
			sourceTree = "<group>";
		};
		018E546528B59CCA00E6338E /* ViewModels */ = {
			isa = PBXGroup;
			children = (
				018E545E28B555B000E6338E /* FavoriteSongsViewModel.swift */,
			);
			path = ViewModels;
			sourceTree = "<group>";
		};
		018E546628B59CD000E6338E /* Mock */ = {
			isa = PBXGroup;
			children = (
				018E545C28B5555A00E6338E /* SongMock.swift */,
			);
			path = Mock;
			sourceTree = "<group>";
		};
		018E546728B59CD900E6338E /* Models */ = {
			isa = PBXGroup;
			children = (
				018E545A28B5553A00E6338E /* Song.swift */,
			);
			path = Models;
			sourceTree = "<group>";
		};
/* End PBXGroup section */

/* Begin PBXNativeTarget section */
		013130D128B54FF600A1C504 /* UITableViewExample */ = {
			isa = PBXNativeTarget;
			buildConfigurationList = 013130FC28B54FF900A1C504 /* Build configuration list for PBXNativeTarget "UITableViewExample" */;
			buildPhases = (
				013130CE28B54FF600A1C504 /* Sources */,
				013130CF28B54FF600A1C504 /* Frameworks */,
				013130D028B54FF600A1C504 /* Resources */,
			);
			buildRules = (
			);
			dependencies = (
			);
			name = UITableViewExample;
			productName = UITableViewExample;
			productReference = 013130D228B54FF600A1C504 /* UITableViewExample.app */;
			productType = "com.apple.product-type.application";
		};
		013130E728B54FF900A1C504 /* UITableViewExampleTests */ = {
			isa = PBXNativeTarget;
			buildConfigurationList = 013130FF28B54FF900A1C504 /* Build configuration list for PBXNativeTarget "UITableViewExampleTests" */;
			buildPhases = (
				013130E428B54FF900A1C504 /* Sources */,
				013130E528B54FF900A1C504 /* Frameworks */,
				013130E628B54FF900A1C504 /* Resources */,
			);
			buildRules = (
			);
			dependencies = (
				013130EA28B54FF900A1C504 /* PBXTargetDependency */,
			);
			name = UITableViewExampleTests;
			productName = UITableViewExampleTests;
			productReference = 013130E828B54FF900A1C504 /* UITableViewExampleTests.xctest */;
			productType = "com.apple.product-type.bundle.unit-test";
		};
		013130F128B54FF900A1C504 /* UITableViewExampleUITests */ = {
			isa = PBXNativeTarget;
			buildConfigurationList = 0131310228B54FF900A1C504 /* Build configuration list for PBXNativeTarget "UITableViewExampleUITests" */;
			buildPhases = (
				013130EE28B54FF900A1C504 /* Sources */,
				013130EF28B54FF900A1C504 /* Frameworks */,
				013130F028B54FF900A1C504 /* Resources */,
			);
			buildRules = (
			);
			dependencies = (
				013130F428B54FF900A1C504 /* PBXTargetDependency */,
			);
			name = UITableViewExampleUITests;
			productName = UITableViewExampleUITests;
			productReference = 013130F228B54FF900A1C504 /* UITableViewExampleUITests.xctest */;
			productType = "com.apple.product-type.bundle.ui-testing";
		};
/* End PBXNativeTarget section */

/* Begin PBXProject section */
		013130CA28B54FF600A1C504 /* Project object */ = {
			isa = PBXProject;
			attributes = {
				BuildIndependentTargetsInParallel = 1;
				LastSwiftUpdateCheck = 1340;
				LastUpgradeCheck = 1340;
				TargetAttributes = {
					013130D128B54FF600A1C504 = {
						CreatedOnToolsVersion = 13.4.1;
					};
					013130E728B54FF900A1C504 = {
						CreatedOnToolsVersion = 13.4.1;
						TestTargetID = 013130D128B54FF600A1C504;
					};
					013130F128B54FF900A1C504 = {
						CreatedOnToolsVersion = 13.4.1;
						TestTargetID = 013130D128B54FF600A1C504;
					};
				};
			};
			buildConfigurationList = 013130CD28B54FF600A1C504 /* Build configuration list for PBXProject "UITableViewExample" */;
			compatibilityVersion = "Xcode 13.0";
			developmentRegion = en;
			hasScannedForEncodings = 0;
			knownRegions = (
				en,
				Base,
			);
			mainGroup = 013130C928B54FF600A1C504;
			productRefGroup = 013130D328B54FF600A1C504 /* Products */;
			projectDirPath = "";
			projectRoot = "";
			targets = (
				013130D128B54FF600A1C504 /* UITableViewExample */,
				013130E728B54FF900A1C504 /* UITableViewExampleTests */,
				013130F128B54FF900A1C504 /* UITableViewExampleUITests */,
			);
		};
/* End PBXProject section */

/* Begin PBXResourcesBuildPhase section */
		013130D028B54FF600A1C504 /* Resources */ = {
			isa = PBXResourcesBuildPhase;
			buildActionMask = 2147483647;
			files = (
				018E546328B5567F00E6338E /* SongTableViewCell.xib in Resources */,
				013130E228B54FF800A1C504 /* LaunchScreen.storyboard in Resources */,
				013130DF28B54FF800A1C504 /* Assets.xcassets in Resources */,
				013130DD28B54FF600A1C504 /* Main.storyboard in Resources */,
			);
			runOnlyForDeploymentPostprocessing = 0;
		};
		013130E628B54FF900A1C504 /* Resources */ = {
			isa = PBXResourcesBuildPhase;
			buildActionMask = 2147483647;
			files = (
			);
			runOnlyForDeploymentPostprocessing = 0;
		};
		013130F028B54FF900A1C504 /* Resources */ = {
			isa = PBXResourcesBuildPhase;
			buildActionMask = 2147483647;
			files = (
			);
			runOnlyForDeploymentPostprocessing = 0;
		};
/* End PBXResourcesBuildPhase section */

/* Begin PBXSourcesBuildPhase section */
		013130CE28B54FF600A1C504 /* Sources */ = {
			isa = PBXSourcesBuildPhase;
			buildActionMask = 2147483647;
			files = (
				018E545B28B5553A00E6338E /* Song.swift in Sources */,
				018E545F28B555B000E6338E /* FavoriteSongsViewModel.swift in Sources */,
				013130DA28B54FF600A1C504 /* FavoriteSongViewController.swift in Sources */,
				018E546228B5567F00E6338E /* SongTableViewCell.swift in Sources */,
				013130D628B54FF600A1C504 /* AppDelegate.swift in Sources */,
				013130D828B54FF600A1C504 /* SceneDelegate.swift in Sources */,
				018E545D28B5555A00E6338E /* SongMock.swift in Sources */,
			);
			runOnlyForDeploymentPostprocessing = 0;
		};
		013130E428B54FF900A1C504 /* Sources */ = {
			isa = PBXSourcesBuildPhase;
			buildActionMask = 2147483647;
			files = (
				013130ED28B54FF900A1C504 /* UITableViewExampleTests.swift in Sources */,
			);
			runOnlyForDeploymentPostprocessing = 0;
		};
		013130EE28B54FF900A1C504 /* Sources */ = {
			isa = PBXSourcesBuildPhase;
			buildActionMask = 2147483647;
			files = (
				013130F728B54FF900A1C504 /* UITableViewExampleUITests.swift in Sources */,
				013130F928B54FF900A1C504 /* UITableViewExampleUITestsLaunchTests.swift in Sources */,
			);
			runOnlyForDeploymentPostprocessing = 0;
		};
/* End PBXSourcesBuildPhase section */

/* Begin PBXTargetDependency section */
		013130EA28B54FF900A1C504 /* PBXTargetDependency */ = {
			isa = PBXTargetDependency;
			target = 013130D128B54FF600A1C504 /* UITableViewExample */;
			targetProxy = 013130E928B54FF900A1C504 /* PBXContainerItemProxy */;
		};
		013130F428B54FF900A1C504 /* PBXTargetDependency */ = {
			isa = PBXTargetDependency;
			target = 013130D128B54FF600A1C504 /* UITableViewExample */;
			targetProxy = 013130F328B54FF900A1C504 /* PBXContainerItemProxy */;
		};
/* End PBXTargetDependency section */

/* Begin PBXVariantGroup section */
		013130DB28B54FF600A1C504 /* Main.storyboard */ = {
			isa = PBXVariantGroup;
			children = (
				013130DC28B54FF600A1C504 /* Base */,
			);
			name = Main.storyboard;
			sourceTree = "<group>";
		};
		013130E028B54FF800A1C504 /* LaunchScreen.storyboard */ = {
			isa = PBXVariantGroup;
			children = (
				013130E128B54FF800A1C504 /* Base */,
			);
			name = LaunchScreen.storyboard;
			sourceTree = "<group>";
		};
/* End PBXVariantGroup section */

/* Begin XCBuildConfiguration section */
		013130FA28B54FF900A1C504 /* Debug */ = {
			isa = XCBuildConfiguration;
			buildSettings = {
				ALWAYS_SEARCH_USER_PATHS = NO;
				CLANG_ANALYZER_NONNULL = YES;
				CLANG_ANALYZER_NUMBER_OBJECT_CONVERSION = YES_AGGRESSIVE;
				CLANG_CXX_LANGUAGE_STANDARD = "gnu++17";
				CLANG_ENABLE_MODULES = YES;
				CLANG_ENABLE_OBJC_ARC = YES;
				CLANG_ENABLE_OBJC_WEAK = YES;
				CLANG_WARN_BLOCK_CAPTURE_AUTORELEASING = YES;
				CLANG_WARN_BOOL_CONVERSION = YES;
				CLANG_WARN_COMMA = YES;
				CLANG_WARN_CONSTANT_CONVERSION = YES;
				CLANG_WARN_DEPRECATED_OBJC_IMPLEMENTATIONS = YES;
				CLANG_WARN_DIRECT_OBJC_ISA_USAGE = YES_ERROR;
				CLANG_WARN_DOCUMENTATION_COMMENTS = YES;
				CLANG_WARN_EMPTY_BODY = YES;
				CLANG_WARN_ENUM_CONVERSION = YES;
				CLANG_WARN_INFINITE_RECURSION = YES;
				CLANG_WARN_INT_CONVERSION = YES;
				CLANG_WARN_NON_LITERAL_NULL_CONVERSION = YES;
				CLANG_WARN_OBJC_IMPLICIT_RETAIN_SELF = YES;
				CLANG_WARN_OBJC_LITERAL_CONVERSION = YES;
				CLANG_WARN_OBJC_ROOT_CLASS = YES_ERROR;
				CLANG_WARN_QUOTED_INCLUDE_IN_FRAMEWORK_HEADER = YES;
				CLANG_WARN_RANGE_LOOP_ANALYSIS = YES;
				CLANG_WARN_STRICT_PROTOTYPES = YES;
				CLANG_WARN_SUSPICIOUS_MOVE = YES;
				CLANG_WARN_UNGUARDED_AVAILABILITY = YES_AGGRESSIVE;
				CLANG_WARN_UNREACHABLE_CODE = YES;
				CLANG_WARN__DUPLICATE_METHOD_MATCH = YES;
				COPY_PHASE_STRIP = NO;
				DEBUG_INFORMATION_FORMAT = dwarf;
				ENABLE_STRICT_OBJC_MSGSEND = YES;
				ENABLE_TESTABILITY = YES;
				GCC_C_LANGUAGE_STANDARD = gnu11;
				GCC_DYNAMIC_NO_PIC = NO;
				GCC_NO_COMMON_BLOCKS = YES;
				GCC_OPTIMIZATION_LEVEL = 0;
				GCC_PREPROCESSOR_DEFINITIONS = (
					"DEBUG=1",
					"$(inherited)",
				);
				GCC_WARN_64_TO_32_BIT_CONVERSION = YES;
				GCC_WARN_ABOUT_RETURN_TYPE = YES_ERROR;
				GCC_WARN_UNDECLARED_SELECTOR = YES;
				GCC_WARN_UNINITIALIZED_AUTOS = YES_AGGRESSIVE;
				GCC_WARN_UNUSED_FUNCTION = YES;
				GCC_WARN_UNUSED_VARIABLE = YES;
				IPHONEOS_DEPLOYMENT_TARGET = 15.5;
				MTL_ENABLE_DEBUG_INFO = INCLUDE_SOURCE;
				MTL_FAST_MATH = YES;
				ONLY_ACTIVE_ARCH = YES;
				SDKROOT = iphoneos;
				SWIFT_ACTIVE_COMPILATION_CONDITIONS = DEBUG;
				SWIFT_OPTIMIZATION_LEVEL = "-Onone";
			};
			name = Debug;
		};
		013130FB28B54FF900A1C504 /* Release */ = {
			isa = XCBuildConfiguration;
			buildSettings = {
				ALWAYS_SEARCH_USER_PATHS = NO;
				CLANG_ANALYZER_NONNULL = YES;
				CLANG_ANALYZER_NUMBER_OBJECT_CONVERSION = YES_AGGRESSIVE;
				CLANG_CXX_LANGUAGE_STANDARD = "gnu++17";
				CLANG_ENABLE_MODULES = YES;
				CLANG_ENABLE_OBJC_ARC = YES;
				CLANG_ENABLE_OBJC_WEAK = YES;
				CLANG_WARN_BLOCK_CAPTURE_AUTORELEASING = YES;
				CLANG_WARN_BOOL_CONVERSION = YES;
				CLANG_WARN_COMMA = YES;
				CLANG_WARN_CONSTANT_CONVERSION = YES;
				CLANG_WARN_DEPRECATED_OBJC_IMPLEMENTATIONS = YES;
				CLANG_WARN_DIRECT_OBJC_ISA_USAGE = YES_ERROR;
				CLANG_WARN_DOCUMENTATION_COMMENTS = YES;
				CLANG_WARN_EMPTY_BODY = YES;
				CLANG_WARN_ENUM_CONVERSION = YES;
				CLANG_WARN_INFINITE_RECURSION = YES;
				CLANG_WARN_INT_CONVERSION = YES;
				CLANG_WARN_NON_LITERAL_NULL_CONVERSION = YES;
				CLANG_WARN_OBJC_IMPLICIT_RETAIN_SELF = YES;
				CLANG_WARN_OBJC_LITERAL_CONVERSION = YES;
				CLANG_WARN_OBJC_ROOT_CLASS = YES_ERROR;
				CLANG_WARN_QUOTED_INCLUDE_IN_FRAMEWORK_HEADER = YES;
				CLANG_WARN_RANGE_LOOP_ANALYSIS = YES;
				CLANG_WARN_STRICT_PROTOTYPES = YES;
				CLANG_WARN_SUSPICIOUS_MOVE = YES;
				CLANG_WARN_UNGUARDED_AVAILABILITY = YES_AGGRESSIVE;
				CLANG_WARN_UNREACHABLE_CODE = YES;
				CLANG_WARN__DUPLICATE_METHOD_MATCH = YES;
				COPY_PHASE_STRIP = NO;
				DEBUG_INFORMATION_FORMAT = "dwarf-with-dsym";
				ENABLE_NS_ASSERTIONS = NO;
				ENABLE_STRICT_OBJC_MSGSEND = YES;
				GCC_C_LANGUAGE_STANDARD = gnu11;
				GCC_NO_COMMON_BLOCKS = YES;
				GCC_WARN_64_TO_32_BIT_CONVERSION = YES;
				GCC_WARN_ABOUT_RETURN_TYPE = YES_ERROR;
				GCC_WARN_UNDECLARED_SELECTOR = YES;
				GCC_WARN_UNINITIALIZED_AUTOS = YES_AGGRESSIVE;
				GCC_WARN_UNUSED_FUNCTION = YES;
				GCC_WARN_UNUSED_VARIABLE = YES;
				IPHONEOS_DEPLOYMENT_TARGET = 15.5;
				MTL_ENABLE_DEBUG_INFO = NO;
				MTL_FAST_MATH = YES;
				SDKROOT = iphoneos;
				SWIFT_COMPILATION_MODE = wholemodule;
				SWIFT_OPTIMIZATION_LEVEL = "-O";
				VALIDATE_PRODUCT = YES;
			};
			name = Release;
		};
		013130FD28B54FF900A1C504 /* Debug */ = {
			isa = XCBuildConfiguration;
			buildSettings = {
				ASSETCATALOG_COMPILER_APPICON_NAME = AppIcon;
				ASSETCATALOG_COMPILER_GLOBAL_ACCENT_COLOR_NAME = AccentColor;
				CODE_SIGN_STYLE = Automatic;
				CURRENT_PROJECT_VERSION = 1;
				GENERATE_INFOPLIST_FILE = YES;
				INFOPLIST_FILE = UITableViewExample/Info.plist;
				INFOPLIST_KEY_UIApplicationSupportsIndirectInputEvents = YES;
				INFOPLIST_KEY_UILaunchStoryboardName = LaunchScreen;
				INFOPLIST_KEY_UIMainStoryboardFile = Main;
				INFOPLIST_KEY_UISupportedInterfaceOrientations_iPad = "UIInterfaceOrientationPortrait UIInterfaceOrientationPortraitUpsideDown UIInterfaceOrientationLandscapeLeft UIInterfaceOrientationLandscapeRight";
				INFOPLIST_KEY_UISupportedInterfaceOrientations_iPhone = "UIInterfaceOrientationPortrait UIInterfaceOrientationLandscapeLeft UIInterfaceOrientationLandscapeRight";
				LD_RUNPATH_SEARCH_PATHS = (
					"$(inherited)",
					"@executable_path/Frameworks",
				);
				MARKETING_VERSION = 1.0;
				PRODUCT_BUNDLE_IDENTIFIER = com.mateszbueno.UITableViewExample;
				PRODUCT_NAME = "$(TARGET_NAME)";
				SWIFT_EMIT_LOC_STRINGS = YES;
				SWIFT_VERSION = 5.0;
				TARGETED_DEVICE_FAMILY = "1,2";
			};
			name = Debug;
		};
		013130FE28B54FF900A1C504 /* Release */ = {
			isa = XCBuildConfiguration;
			buildSettings = {
				ASSETCATALOG_COMPILER_APPICON_NAME = AppIcon;
				ASSETCATALOG_COMPILER_GLOBAL_ACCENT_COLOR_NAME = AccentColor;
				CODE_SIGN_STYLE = Automatic;
				CURRENT_PROJECT_VERSION = 1;
				GENERATE_INFOPLIST_FILE = YES;
				INFOPLIST_FILE = UITableViewExample/Info.plist;
				INFOPLIST_KEY_UIApplicationSupportsIndirectInputEvents = YES;
				INFOPLIST_KEY_UILaunchStoryboardName = LaunchScreen;
				INFOPLIST_KEY_UIMainStoryboardFile = Main;
				INFOPLIST_KEY_UISupportedInterfaceOrientations_iPad = "UIInterfaceOrientationPortrait UIInterfaceOrientationPortraitUpsideDown UIInterfaceOrientationLandscapeLeft UIInterfaceOrientationLandscapeRight";
				INFOPLIST_KEY_UISupportedInterfaceOrientations_iPhone = "UIInterfaceOrientationPortrait UIInterfaceOrientationLandscapeLeft UIInterfaceOrientationLandscapeRight";
				LD_RUNPATH_SEARCH_PATHS = (
					"$(inherited)",
					"@executable_path/Frameworks",
				);
				MARKETING_VERSION = 1.0;
				PRODUCT_BUNDLE_IDENTIFIER = com.mateszbueno.UITableViewExample;
				PRODUCT_NAME = "$(TARGET_NAME)";
				SWIFT_EMIT_LOC_STRINGS = YES;
				SWIFT_VERSION = 5.0;
				TARGETED_DEVICE_FAMILY = "1,2";
			};
			name = Release;
		};
		0131310028B54FF900A1C504 /* Debug */ = {
			isa = XCBuildConfiguration;
			buildSettings = {
				ALWAYS_EMBED_SWIFT_STANDARD_LIBRARIES = YES;
				BUNDLE_LOADER = "$(TEST_HOST)";
				CODE_SIGN_STYLE = Automatic;
				CURRENT_PROJECT_VERSION = 1;
				GENERATE_INFOPLIST_FILE = YES;
				IPHONEOS_DEPLOYMENT_TARGET = 15.5;
				MARKETING_VERSION = 1.0;
				PRODUCT_BUNDLE_IDENTIFIER = com.mateszbueno.UITableViewExampleTests;
				PRODUCT_NAME = "$(TARGET_NAME)";
				SWIFT_EMIT_LOC_STRINGS = NO;
				SWIFT_VERSION = 5.0;
				TARGETED_DEVICE_FAMILY = "1,2";
				TEST_HOST = "$(BUILT_PRODUCTS_DIR)/UITableViewExample.app/UITableViewExample";
			};
			name = Debug;
		};
		0131310128B54FF900A1C504 /* Release */ = {
			isa = XCBuildConfiguration;
			buildSettings = {
				ALWAYS_EMBED_SWIFT_STANDARD_LIBRARIES = YES;
				BUNDLE_LOADER = "$(TEST_HOST)";
				CODE_SIGN_STYLE = Automatic;
				CURRENT_PROJECT_VERSION = 1;
				GENERATE_INFOPLIST_FILE = YES;
				IPHONEOS_DEPLOYMENT_TARGET = 15.5;
				MARKETING_VERSION = 1.0;
				PRODUCT_BUNDLE_IDENTIFIER = com.mateszbueno.UITableViewExampleTests;
				PRODUCT_NAME = "$(TARGET_NAME)";
				SWIFT_EMIT_LOC_STRINGS = NO;
				SWIFT_VERSION = 5.0;
				TARGETED_DEVICE_FAMILY = "1,2";
				TEST_HOST = "$(BUILT_PRODUCTS_DIR)/UITableViewExample.app/UITableViewExample";
			};
			name = Release;
		};
		0131310328B54FF900A1C504 /* Debug */ = {
			isa = XCBuildConfiguration;
			buildSettings = {
				ALWAYS_EMBED_SWIFT_STANDARD_LIBRARIES = YES;
				CODE_SIGN_STYLE = Automatic;
				CURRENT_PROJECT_VERSION = 1;
				GENERATE_INFOPLIST_FILE = YES;
				MARKETING_VERSION = 1.0;
				PRODUCT_BUNDLE_IDENTIFIER = com.mateszbueno.UITableViewExampleUITests;
				PRODUCT_NAME = "$(TARGET_NAME)";
				SWIFT_EMIT_LOC_STRINGS = NO;
				SWIFT_VERSION = 5.0;
				TARGETED_DEVICE_FAMILY = "1,2";
				TEST_TARGET_NAME = UITableViewExample;
			};
			name = Debug;
		};
		0131310428B54FF900A1C504 /* Release */ = {
			isa = XCBuildConfiguration;
			buildSettings = {
				ALWAYS_EMBED_SWIFT_STANDARD_LIBRARIES = YES;
				CODE_SIGN_STYLE = Automatic;
				CURRENT_PROJECT_VERSION = 1;
				GENERATE_INFOPLIST_FILE = YES;
				MARKETING_VERSION = 1.0;
				PRODUCT_BUNDLE_IDENTIFIER = com.mateszbueno.UITableViewExampleUITests;
				PRODUCT_NAME = "$(TARGET_NAME)";
				SWIFT_EMIT_LOC_STRINGS = NO;
				SWIFT_VERSION = 5.0;
				TARGETED_DEVICE_FAMILY = "1,2";
				TEST_TARGET_NAME = UITableViewExample;
			};
			name = Release;
		};
/* End XCBuildConfiguration section */

/* Begin XCConfigurationList section */
		013130CD28B54FF600A1C504 /* Build configuration list for PBXProject "UITableViewExample" */ = {
			isa = XCConfigurationList;
			buildConfigurations = (
				013130FA28B54FF900A1C504 /* Debug */,
				013130FB28B54FF900A1C504 /* Release */,
			);
			defaultConfigurationIsVisible = 0;
			defaultConfigurationName = Release;
		};
		013130FC28B54FF900A1C504 /* Build configuration list for PBXNativeTarget "UITableViewExample" */ = {
			isa = XCConfigurationList;
			buildConfigurations = (
				013130FD28B54FF900A1C504 /* Debug */,
				013130FE28B54FF900A1C504 /* Release */,
			);
			defaultConfigurationIsVisible = 0;
			defaultConfigurationName = Release;
		};
		013130FF28B54FF900A1C504 /* Build configuration list for PBXNativeTarget "UITableViewExampleTests" */ = {
			isa = XCConfigurationList;
			buildConfigurations = (
				0131310028B54FF900A1C504 /* Debug */,
				0131310128B54FF900A1C504 /* Release */,
			);
			defaultConfigurationIsVisible = 0;
			defaultConfigurationName = Release;
		};
		0131310228B54FF900A1C504 /* Build configuration list for PBXNativeTarget "UITableViewExampleUITests" */ = {
			isa = XCConfigurationList;
			buildConfigurations = (
				0131310328B54FF900A1C504 /* Debug */,
				0131310428B54FF900A1C504 /* Release */,
			);
			defaultConfigurationIsVisible = 0;
			defaultConfigurationName = Release;
		};
/* End XCConfigurationList section */
	};
	rootObject = 013130CA28B54FF600A1C504 /* Project object */;
}
